
Microsoft Visual Studio Solution File, Format Version 12.00
# Visual Studio Version 17
VisualStudioVersion = 17.3.32819.101
MinimumVisualStudioVersion = 10.0.40219.1
Project("{9A19103F-16F7-4668-BE54-9A1E7A4F7556}") = "QueryBuilder", "QueryBuilder.csproj", "{ADF63218-F45D-47F5-B224-17784D03DB7A}"
EndProject
Project("{2150E333-8FDC-42A3-9474-1A3956D46DE8}") = "Solution Items", "Solution Items", "{53612411-0F11-463D-A89B-63DD57E90CF2}"
	ProjectSection(SolutionItems) = preProject
		.editorconfig = .editorconfig
	EndProjectSection
EndProject
Global
	GlobalSection(SolutionConfigurationPlatforms) = preSolution
		Debug|Any CPU = Debug|Any CPU
		Release|Any CPU = Release|Any CPU
	EndGlobalSection
	GlobalSection(ProjectConfigurationPlatforms) = postSolution
		{ADF63218-F45D-47F5-B224-17784D03DB7A}.Debug|Any CPU.ActiveCfg = Debug|Any CPU
		{ADF63218-F45D-47F5-B224-17784D03DB7A}.Debug|Any CPU.Build.0 = Debug|Any CPU
		{ADF63218-F45D-47F5-B224-17784D03DB7A}.Release|Any CPU.ActiveCfg = Release|Any CPU
		{ADF63218-F45D-47F5-B224-17784D03DB7A}.Release|Any CPU.Build.0 = Release|Any CPU
	EndGlobalSection
	GlobalSection(SolutionProperties) = preSolution
		HideSolutionNode = FALSE
	EndGlobalSection
	GlobalSection(ExtensibilityGlobals) = postSolution
		SolutionGuid = {3A64A7FB-724A-4F6B-A9AA-DF01B70CC701}
	EndGlobalSection
EndGlobal
